// !$*UTF8*$!
{
	archiveVersion = 1;
	classes = {
	};
	objectVersion = 50;
	objects = {

/* Begin PBXBuildFile section */
		D455825521539CB4002BA9D7 /* Assets.xcassets in Resources */ = {isa = PBXBuildFile; fileRef = D455825421539CB4002BA9D7 /* Assets.xcassets */; };
		D455825821539CB4002BA9D7 /* LaunchScreen.storyboard in Resources */ = {isa = PBXBuildFile; fileRef = D455825621539CB4002BA9D7 /* LaunchScreen.storyboard */; };
		D455825B21539CB5002BA9D7 /* main.m in Sources */ = {isa = PBXBuildFile; fileRef = D455825A21539CB5002BA9D7 /* main.m */; };
		D455826521539CB5002BA9D7 /* PrintDemoTests.m in Sources */ = {isa = PBXBuildFile; fileRef = D455826421539CB5002BA9D7 /* PrintDemoTests.m */; };
		D455827021539CB5002BA9D7 /* PrintDemoUITests.m in Sources */ = {isa = PBXBuildFile; fileRef = D455826F21539CB5002BA9D7 /* PrintDemoUITests.m */; };
		D455827E21539D06002BA9D7 /* Main.storyboard in Resources */ = {isa = PBXBuildFile; fileRef = D455827D21539D05002BA9D7 /* Main.storyboard */; };
		D455828F21539D20002BA9D7 /* ZZDataTool.m in Sources */ = {isa = PBXBuildFile; fileRef = D455828021539D1B002BA9D7 /* ZZDataTool.m */; };
		D455829021539D20002BA9D7 /* SelectionDeviceCell.m in Sources */ = {isa = PBXBuildFile; fileRef = D455828221539D1B002BA9D7 /* SelectionDeviceCell.m */; };
		D455829121539D20002BA9D7 /* AppDelegate.m in Sources */ = {isa = PBXBuildFile; fileRef = D455828421539D1C002BA9D7 /* AppDelegate.m */; };
		D455829221539D20002BA9D7 /* BillPrintingVC.m in Sources */ = {isa = PBXBuildFile; fileRef = D455828521539D1C002BA9D7 /* BillPrintingVC.m */; };
		D455829321539D20002BA9D7 /* SelectionDeviceVC.m in Sources */ = {isa = PBXBuildFile; fileRef = D455828721539D1D002BA9D7 /* SelectionDeviceVC.m */; };
		D455829421539D20002BA9D7 /* TagPrintingVC.m in Sources */ = {isa = PBXBuildFile; fileRef = D455828821539D1D002BA9D7 /* TagPrintingVC.m */; };
		D455829521539D20002BA9D7 /* HomePageVC.m in Sources */ = {isa = PBXBuildFile; fileRef = D455828921539D1D002BA9D7 /* HomePageVC.m */; };
		D455829621539D20002BA9D7 /* UIView+Toast.m in Sources */ = {isa = PBXBuildFile; fileRef = D455828C21539D1E002BA9D7 /* UIView+Toast.m */; };
		D45582A821539D2F002BA9D7 /* ProgressHUD.m in Sources */ = {isa = PBXBuildFile; fileRef = D455829921539D2E002BA9D7 /* ProgressHUD.m */; };
		D45582A921539D2F002BA9D7 /* PrintSDK.a in Frameworks */ = {isa = PBXBuildFile; fileRef = D45582A721539D2F002BA9D7 /* PrintSDK.a */; };
/* End PBXBuildFile section */

/* Begin PBXContainerItemProxy section */
		D455826121539CB5002BA9D7 /* PBXContainerItemProxy */ = {
			isa = PBXContainerItemProxy;
			containerPortal = D455824021539CA1002BA9D7 /* Project object */;
			proxyType = 1;
			remoteGlobalIDString = D455824721539CA1002BA9D7;
			remoteInfo = PrintDemo;
		};
		D455826C21539CB5002BA9D7 /* PBXContainerItemProxy */ = {
			isa = PBXContainerItemProxy;
			containerPortal = D455824021539CA1002BA9D7 /* Project object */;
			proxyType = 1;
			remoteGlobalIDString = D455824721539CA1002BA9D7;
			remoteInfo = PrintDemo;
		};
/* End PBXContainerItemProxy section */

/* Begin PBXFileReference section */
		D455824821539CA1002BA9D7 /* PrintDemo.app */ = {isa = PBXFileReference; explicitFileType = wrapper.application; includeInIndex = 0; path = PrintDemo.app; sourceTree = BUILT_PRODUCTS_DIR; };
		D455825421539CB4002BA9D7 /* Assets.xcassets */ = {isa = PBXFileReference; lastKnownFileType = folder.assetcatalog; path = Assets.xcassets; sourceTree = "<group>"; };
		D455825721539CB4002BA9D7 /* Base */ = {isa = PBXFileReference; lastKnownFileType = file.storyboard; name = Base; path = Base.lproj/LaunchScreen.storyboard; sourceTree = "<group>"; };
		D455825921539CB5002BA9D7 /* Info.plist */ = {isa = PBXFileReference; lastKnownFileType = text.plist.xml; path = Info.plist; sourceTree = "<group>"; };
		D455825A21539CB5002BA9D7 /* main.m */ = {isa = PBXFileReference; lastKnownFileType = sourcecode.c.objc; path = main.m; sourceTree = "<group>"; };
		D455826021539CB5002BA9D7 /* PrintDemoTests.xctest */ = {isa = PBXFileReference; explicitFileType = wrapper.cfbundle; includeInIndex = 0; path = PrintDemoTests.xctest; sourceTree = BUILT_PRODUCTS_DIR; };
		D455826421539CB5002BA9D7 /* PrintDemoTests.m */ = {isa = PBXFileReference; lastKnownFileType = sourcecode.c.objc; path = PrintDemoTests.m; sourceTree = "<group>"; };
		D455826621539CB5002BA9D7 /* Info.plist */ = {isa = PBXFileReference; lastKnownFileType = text.plist.xml; path = Info.plist; sourceTree = "<group>"; };
		D455826B21539CB5002BA9D7 /* PrintDemoUITests.xctest */ = {isa = PBXFileReference; explicitFileType = wrapper.cfbundle; includeInIndex = 0; path = PrintDemoUITests.xctest; sourceTree = BUILT_PRODUCTS_DIR; };
		D455826F21539CB5002BA9D7 /* PrintDemoUITests.m */ = {isa = PBXFileReference; lastKnownFileType = sourcecode.c.objc; path = PrintDemoUITests.m; sourceTree = "<group>"; };
		D455827121539CB5002BA9D7 /* Info.plist */ = {isa = PBXFileReference; lastKnownFileType = text.plist.xml; path = Info.plist; sourceTree = "<group>"; };
		D455827D21539D05002BA9D7 /* Main.storyboard */ = {isa = PBXFileReference; fileEncoding = 4; lastKnownFileType = file.storyboard; path = Main.storyboard; sourceTree = "<group>"; };
		D455827F21539D1B002BA9D7 /* BillPrintingVC.h */ = {isa = PBXFileReference; fileEncoding = 4; lastKnownFileType = sourcecode.c.h; path = BillPrintingVC.h; sourceTree = "<group>"; };
		D455828021539D1B002BA9D7 /* ZZDataTool.m */ = {isa = PBXFileReference; fileEncoding = 4; lastKnownFileType = sourcecode.c.objc; path = ZZDataTool.m; sourceTree = "<group>"; };
		D455828121539D1B002BA9D7 /* UIView+Toast.h */ = {isa = PBXFileReference; fileEncoding = 4; lastKnownFileType = sourcecode.c.h; path = "UIView+Toast.h"; sourceTree = "<group>"; };
		D455828221539D1B002BA9D7 /* SelectionDeviceCell.m */ = {isa = PBXFileReference; fileEncoding = 4; lastKnownFileType = sourcecode.c.objc; path = SelectionDeviceCell.m; sourceTree = "<group>"; };
		D455828321539D1C002BA9D7 /* SelectionDeviceCell.h */ = {isa = PBXFileReference; fileEncoding = 4; lastKnownFileType = sourcecode.c.h; path = SelectionDeviceCell.h; sourceTree = "<group>"; };
		D455828421539D1C002BA9D7 /* AppDelegate.m */ = {isa = PBXFileReference; fileEncoding = 4; lastKnownFileType = sourcecode.c.objc; path = AppDelegate.m; sourceTree = "<group>"; };
		D455828521539D1C002BA9D7 /* BillPrintingVC.m */ = {isa = PBXFileReference; fileEncoding = 4; lastKnownFileType = sourcecode.c.objc; path = BillPrintingVC.m; sourceTree = "<group>"; };
		D455828621539D1C002BA9D7 /* ZZDataTool.h */ = {isa = PBXFileReference; fileEncoding = 4; lastKnownFileType = sourcecode.c.h; path = ZZDataTool.h; sourceTree = "<group>"; };
		D455828721539D1D002BA9D7 /* SelectionDeviceVC.m */ = {isa = PBXFileReference; fileEncoding = 4; lastKnownFileType = sourcecode.c.objc; path = SelectionDeviceVC.m; sourceTree = "<group>"; };
		D455828821539D1D002BA9D7 /* TagPrintingVC.m */ = {isa = PBXFileReference; fileEncoding = 4; lastKnownFileType = sourcecode.c.objc; path = TagPrintingVC.m; sourceTree = "<group>"; };
		D455828921539D1D002BA9D7 /* HomePageVC.m */ = {isa = PBXFileReference; fileEncoding = 4; lastKnownFileType = sourcecode.c.objc; path = HomePageVC.m; sourceTree = "<group>"; };
		D455828A21539D1E002BA9D7 /* AppDelegate.h */ = {isa = PBXFileReference; fileEncoding = 4; lastKnownFileType = sourcecode.c.h; path = AppDelegate.h; sourceTree = "<group>"; };
		D455828B21539D1E002BA9D7 /* HomePageVC.h */ = {isa = PBXFileReference; fileEncoding = 4; lastKnownFileType = sourcecode.c.h; path = HomePageVC.h; sourceTree = "<group>"; };
		D455828C21539D1E002BA9D7 /* UIView+Toast.m */ = {isa = PBXFileReference; fileEncoding = 4; lastKnownFileType = sourcecode.c.objc; path = "UIView+Toast.m"; sourceTree = "<group>"; };
		D455828D21539D1F002BA9D7 /* TagPrintingVC.h */ = {isa = PBXFileReference; fileEncoding = 4; lastKnownFileType = sourcecode.c.h; path = TagPrintingVC.h; sourceTree = "<group>"; };
		D455828E21539D1F002BA9D7 /* SelectionDeviceVC.h */ = {isa = PBXFileReference; fileEncoding = 4; lastKnownFileType = sourcecode.c.h; path = SelectionDeviceVC.h; sourceTree = "<group>"; };
		D455829821539D2E002BA9D7 /* ProgressHUD.h */ = {isa = PBXFileReference; fileEncoding = 4; lastKnownFileType = sourcecode.c.h; path = ProgressHUD.h; sourceTree = "<group>"; };
		D455829921539D2E002BA9D7 /* ProgressHUD.m */ = {isa = PBXFileReference; fileEncoding = 4; lastKnownFileType = sourcecode.c.objc; path = ProgressHUD.m; sourceTree = "<group>"; };
		D455829D21539D2F002BA9D7 /* AsyncSocket.h */ = {isa = PBXFileReference; fileEncoding = 4; lastKnownFileType = sourcecode.c.h; path = AsyncSocket.h; sourceTree = "<group>"; };
		D455829E21539D2F002BA9D7 /* AsyncUdpSocket.h */ = {isa = PBXFileReference; fileEncoding = 4; lastKnownFileType = sourcecode.c.h; path = AsyncUdpSocket.h; sourceTree = "<group>"; };
		D455829F21539D2F002BA9D7 /* BLEManager.h */ = {isa = PBXFileReference; fileEncoding = 4; lastKnownFileType = sourcecode.c.h; path = BLEManager.h; sourceTree = "<group>"; };
		D45582A021539D2F002BA9D7 /* ImageTranster.h */ = {isa = PBXFileReference; fileEncoding = 4; lastKnownFileType = sourcecode.c.h; path = ImageTranster.h; sourceTree = "<group>"; };
		D45582A121539D2F002BA9D7 /* libMPrinter.h */ = {isa = PBXFileReference; fileEncoding = 4; lastKnownFileType = sourcecode.c.h; path = libMPrinter.h; sourceTree = "<group>"; };
		D45582A221539D2F002BA9D7 /* MBLEManager.h */ = {isa = PBXFileReference; fileEncoding = 4; lastKnownFileType = sourcecode.c.h; path = MBLEManager.h; sourceTree = "<group>"; };
		D45582A321539D2F002BA9D7 /* MSDK.h */ = {isa = PBXFileReference; fileEncoding = 4; lastKnownFileType = sourcecode.c.h; path = MSDK.h; sourceTree = "<group>"; };
		D45582A421539D2F002BA9D7 /* MWIFIManager.h */ = {isa = PBXFileReference; fileEncoding = 4; lastKnownFileType = sourcecode.c.h; path = MWIFIManager.h; sourceTree = "<group>"; };
		D45582A521539D2F002BA9D7 /* PosCommand.h */ = {isa = PBXFileReference; fileEncoding = 4; lastKnownFileType = sourcecode.c.h; path = PosCommand.h; sourceTree = "<group>"; };
		D45582A621539D2F002BA9D7 /* TscCommand.h */ = {isa = PBXFileReference; fileEncoding = 4; lastKnownFileType = sourcecode.c.h; path = TscCommand.h; sourceTree = "<group>"; };
		D45582A721539D2F002BA9D7 /* PrintSDK.a */ = {isa = PBXFileReference; lastKnownFileType = archive.ar; path = PrintSDK.a; sourceTree = "<group>"; };
/* End PBXFileReference section */

/* Begin PBXFrameworksBuildPhase section */
		D455824521539CA1002BA9D7 /* Frameworks */ = {
			isa = PBXFrameworksBuildPhase;
			buildActionMask = 2147483647;
			files = (
				D45582A921539D2F002BA9D7 /* PrintSDK.a in Frameworks */,
			);
			runOnlyForDeploymentPostprocessing = 0;
		};
		D455825D21539CB5002BA9D7 /* Frameworks */ = {
			isa = PBXFrameworksBuildPhase;
			buildActionMask = 2147483647;
			files = (
			);
			runOnlyForDeploymentPostprocessing = 0;
		};
		D455826821539CB5002BA9D7 /* Frameworks */ = {
			isa = PBXFrameworksBuildPhase;
			buildActionMask = 2147483647;
			files = (
			);
			runOnlyForDeploymentPostprocessing = 0;
		};
/* End PBXFrameworksBuildPhase section */

/* Begin PBXGroup section */
		D455823F21539CA1002BA9D7 = {
			isa = PBXGroup;
			children = (
				D455824A21539CA1002BA9D7 /* PrintDemo */,
				D455826321539CB5002BA9D7 /* PrintDemoTests */,
				D455826E21539CB5002BA9D7 /* PrintDemoUITests */,
				D455824921539CA1002BA9D7 /* Products */,
			);
			sourceTree = "<group>";
		};
		D455824921539CA1002BA9D7 /* Products */ = {
			isa = PBXGroup;
			children = (
				D455824821539CA1002BA9D7 /* PrintDemo.app */,
				D455826021539CB5002BA9D7 /* PrintDemoTests.xctest */,
				D455826B21539CB5002BA9D7 /* PrintDemoUITests.xctest */,
			);
			name = Products;
			sourceTree = "<group>";
		};
		D455824A21539CA1002BA9D7 /* PrintDemo */ = {
			isa = PBXGroup;
			children = (
				D455829A21539D2F002BA9D7 /* PrintSDK */,
				D455829721539D2E002BA9D7 /* ProgressHUD */,
				D455828A21539D1E002BA9D7 /* AppDelegate.h */,
				D455828421539D1C002BA9D7 /* AppDelegate.m */,
				D455828621539D1C002BA9D7 /* ZZDataTool.h */,
				D455828021539D1B002BA9D7 /* ZZDataTool.m */,
				D455828121539D1B002BA9D7 /* UIView+Toast.h */,
				D455828C21539D1E002BA9D7 /* UIView+Toast.m */,
				D455828B21539D1E002BA9D7 /* HomePageVC.h */,
				D455828921539D1D002BA9D7 /* HomePageVC.m */,
				D455827F21539D1B002BA9D7 /* BillPrintingVC.h */,
				D455828521539D1C002BA9D7 /* BillPrintingVC.m */,
				D455828D21539D1F002BA9D7 /* TagPrintingVC.h */,
				D455828821539D1D002BA9D7 /* TagPrintingVC.m */,
				D455828E21539D1F002BA9D7 /* SelectionDeviceVC.h */,
				D455828721539D1D002BA9D7 /* SelectionDeviceVC.m */,
				D455828321539D1C002BA9D7 /* SelectionDeviceCell.h */,
				D455828221539D1B002BA9D7 /* SelectionDeviceCell.m */,
				D455827D21539D05002BA9D7 /* Main.storyboard */,
				D455825421539CB4002BA9D7 /* Assets.xcassets */,
				D455825621539CB4002BA9D7 /* LaunchScreen.storyboard */,
				D455825921539CB5002BA9D7 /* Info.plist */,
				D455825A21539CB5002BA9D7 /* main.m */,
			);
			path = PrintDemo;
			sourceTree = "<group>";
		};
		D455826321539CB5002BA9D7 /* PrintDemoTests */ = {
			isa = PBXGroup;
			children = (
				D455826421539CB5002BA9D7 /* PrintDemoTests.m */,
				D455826621539CB5002BA9D7 /* Info.plist */,
			);
			path = PrintDemoTests;
			sourceTree = "<group>";
		};
		D455826E21539CB5002BA9D7 /* PrintDemoUITests */ = {
			isa = PBXGroup;
			children = (
				D455826F21539CB5002BA9D7 /* PrintDemoUITests.m */,
				D455827121539CB5002BA9D7 /* Info.plist */,
			);
			path = PrintDemoUITests;
			sourceTree = "<group>";
		};
		D455829721539D2E002BA9D7 /* ProgressHUD */ = {
			isa = PBXGroup;
			children = (
				D455829821539D2E002BA9D7 /* ProgressHUD.h */,
				D455829921539D2E002BA9D7 /* ProgressHUD.m */,
			);
			path = ProgressHUD;
			sourceTree = "<group>";
		};
		D455829A21539D2F002BA9D7 /* PrintSDK */ = {
			isa = PBXGroup;
			children = (
				D455829B21539D2F002BA9D7 /* include */,
				D45582A721539D2F002BA9D7 /* PrintSDK.a */,
			);
			path = PrintSDK;
			sourceTree = "<group>";
		};
		D455829B21539D2F002BA9D7 /* include */ = {
			isa = PBXGroup;
			children = (
				D455829C21539D2F002BA9D7 /* PrintSDK */,
			);
			path = include;
			sourceTree = "<group>";
		};
		D455829C21539D2F002BA9D7 /* PrintSDK */ = {
			isa = PBXGroup;
			children = (
				D455829D21539D2F002BA9D7 /* AsyncSocket.h */,
				D455829E21539D2F002BA9D7 /* AsyncUdpSocket.h */,
				D455829F21539D2F002BA9D7 /* BLEManager.h */,
				D45582A021539D2F002BA9D7 /* ImageTranster.h */,
				D45582A121539D2F002BA9D7 /* libMPrinter.h */,
				D45582A221539D2F002BA9D7 /* MBLEManager.h */,
				D45582A321539D2F002BA9D7 /* MSDK.h */,
				D45582A421539D2F002BA9D7 /* MWIFIManager.h */,
				D45582A521539D2F002BA9D7 /* PosCommand.h */,
				D45582A621539D2F002BA9D7 /* TscCommand.h */,
			);
			path = PrintSDK;
			sourceTree = "<group>";
		};
/* End PBXGroup section */

/* Begin PBXNativeTarget section */
		D455824721539CA1002BA9D7 /* PrintDemo */ = {
			isa = PBXNativeTarget;
			buildConfigurationList = D455827421539CB5002BA9D7 /* Build configuration list for PBXNativeTarget "PrintDemo" */;
			buildPhases = (
				D455824421539CA1002BA9D7 /* Sources */,
				D455824521539CA1002BA9D7 /* Frameworks */,
				D455824621539CA1002BA9D7 /* Resources */,
			);
			buildRules = (
			);
			dependencies = (
			);
			name = PrintDemo;
			productName = PrintDemo;
			productReference = D455824821539CA1002BA9D7 /* PrintDemo.app */;
			productType = "com.apple.product-type.application";
		};
		D455825F21539CB5002BA9D7 /* PrintDemoTests */ = {
			isa = PBXNativeTarget;
			buildConfigurationList = D455827721539CB5002BA9D7 /* Build configuration list for PBXNativeTarget "PrintDemoTests" */;
			buildPhases = (
				D455825C21539CB5002BA9D7 /* Sources */,
				D455825D21539CB5002BA9D7 /* Frameworks */,
				D455825E21539CB5002BA9D7 /* Resources */,
			);
			buildRules = (
			);
			dependencies = (
				D455826221539CB5002BA9D7 /* PBXTargetDependency */,
			);
			name = PrintDemoTests;
			productName = PrintDemoTests;
			productReference = D455826021539CB5002BA9D7 /* PrintDemoTests.xctest */;
			productType = "com.apple.product-type.bundle.unit-test";
		};
		D455826A21539CB5002BA9D7 /* PrintDemoUITests */ = {
			isa = PBXNativeTarget;
			buildConfigurationList = D455827A21539CB5002BA9D7 /* Build configuration list for PBXNativeTarget "PrintDemoUITests" */;
			buildPhases = (
				D455826721539CB5002BA9D7 /* Sources */,
				D455826821539CB5002BA9D7 /* Frameworks */,
				D455826921539CB5002BA9D7 /* Resources */,
			);
			buildRules = (
			);
			dependencies = (
				D455826D21539CB5002BA9D7 /* PBXTargetDependency */,
			);
			name = PrintDemoUITests;
			productName = PrintDemoUITests;
			productReference = D455826B21539CB5002BA9D7 /* PrintDemoUITests.xctest */;
			productType = "com.apple.product-type.bundle.ui-testing";
		};
/* End PBXNativeTarget section */

/* Begin PBXProject section */
		D455824021539CA1002BA9D7 /* Project object */ = {
			isa = PBXProject;
			attributes = {
				LastUpgradeCheck = 0930;
				ORGANIZATIONNAME = zhuhaisandu;
				TargetAttributes = {
					D455824721539CA1002BA9D7 = {
						CreatedOnToolsVersion = 9.3;
					};
					D455825F21539CB5002BA9D7 = {
						CreatedOnToolsVersion = 9.3;
						TestTargetID = D455824721539CA1002BA9D7;
					};
					D455826A21539CB5002BA9D7 = {
						CreatedOnToolsVersion = 9.3;
						TestTargetID = D455824721539CA1002BA9D7;
					};
				};
			};
			buildConfigurationList = D455824321539CA1002BA9D7 /* Build configuration list for PBXProject "PrintDemo" */;
			compatibilityVersion = "Xcode 9.3";
			developmentRegion = en;
			hasScannedForEncodings = 0;
			knownRegions = (
				en,
				Base,
			);
			mainGroup = D455823F21539CA1002BA9D7;
			productRefGroup = D455824921539CA1002BA9D7 /* Products */;
			projectDirPath = "";
			projectRoot = "";
			targets = (
				D455824721539CA1002BA9D7 /* PrintDemo */,
				D455825F21539CB5002BA9D7 /* PrintDemoTests */,
				D455826A21539CB5002BA9D7 /* PrintDemoUITests */,
			);
		};
/* End PBXProject section */

/* Begin PBXResourcesBuildPhase section */
		D455824621539CA1002BA9D7 /* Resources */ = {
			isa = PBXResourcesBuildPhase;
			buildActionMask = 2147483647;
			files = (
				D455827E21539D06002BA9D7 /* Main.storyboard in Resources */,
				D455825821539CB4002BA9D7 /* LaunchScreen.storyboard in Resources */,
				D455825521539CB4002BA9D7 /* Assets.xcassets in Resources */,
			);
			runOnlyForDeploymentPostprocessing = 0;
		};
		D455825E21539CB5002BA9D7 /* Resources */ = {
			isa = PBXResourcesBuildPhase;
			buildActionMask = 2147483647;
			files = (
			);
			runOnlyForDeploymentPostprocessing = 0;
		};
		D455826921539CB5002BA9D7 /* Resources */ = {
			isa = PBXResourcesBuildPhase;
			buildActionMask = 2147483647;
			files = (
			);
			runOnlyForDeploymentPostprocessing = 0;
		};
/* End PBXResourcesBuildPhase section */

/* Begin PBXSourcesBuildPhase section */
		D455824421539CA1002BA9D7 /* Sources */ = {
			isa = PBXSourcesBuildPhase;
			buildActionMask = 2147483647;
			files = (
				D455829621539D20002BA9D7 /* UIView+Toast.m in Sources */,
				D455829121539D20002BA9D7 /* AppDelegate.m in Sources */,
				D45582A821539D2F002BA9D7 /* ProgressHUD.m in Sources */,
				D455829421539D20002BA9D7 /* TagPrintingVC.m in Sources */,
				D455829021539D20002BA9D7 /* SelectionDeviceCell.m in Sources */,
				D455829221539D20002BA9D7 /* BillPrintingVC.m in Sources */,
				D455825B21539CB5002BA9D7 /* main.m in Sources */,
				D455828F21539D20002BA9D7 /* ZZDataTool.m in Sources */,
				D455829521539D20002BA9D7 /* HomePageVC.m in Sources */,
				D455829321539D20002BA9D7 /* SelectionDeviceVC.m in Sources */,
			);
			runOnlyForDeploymentPostprocessing = 0;
		};
		D455825C21539CB5002BA9D7 /* Sources */ = {
			isa = PBXSourcesBuildPhase;
			buildActionMask = 2147483647;
			files = (
				D455826521539CB5002BA9D7 /* PrintDemoTests.m in Sources */,
			);
			runOnlyForDeploymentPostprocessing = 0;
		};
		D455826721539CB5002BA9D7 /* Sources */ = {
			isa = PBXSourcesBuildPhase;
			buildActionMask = 2147483647;
			files = (
				D455827021539CB5002BA9D7 /* PrintDemoUITests.m in Sources */,
			);
			runOnlyForDeploymentPostprocessing = 0;
		};
/* End PBXSourcesBuildPhase section */

/* Begin PBXTargetDependency section */
		D455826221539CB5002BA9D7 /* PBXTargetDependency */ = {
			isa = PBXTargetDependency;
			target = D455824721539CA1002BA9D7 /* PrintDemo */;
			targetProxy = D455826121539CB5002BA9D7 /* PBXContainerItemProxy */;
		};
		D455826D21539CB5002BA9D7 /* PBXTargetDependency */ = {
			isa = PBXTargetDependency;
			target = D455824721539CA1002BA9D7 /* PrintDemo */;
			targetProxy = D455826C21539CB5002BA9D7 /* PBXContainerItemProxy */;
		};
/* End PBXTargetDependency section */

/* Begin PBXVariantGroup section */
		D455825621539CB4002BA9D7 /* LaunchScreen.storyboard */ = {
			isa = PBXVariantGroup;
			children = (
				D455825721539CB4002BA9D7 /* Base */,
			);
			name = LaunchScreen.storyboard;
			sourceTree = "<group>";
		};
/* End PBXVariantGroup section */

/* Begin XCBuildConfiguration section */
		D455827221539CB5002BA9D7 /* Debug */ = {
			isa = XCBuildConfiguration;
			buildSettings = {
				ALWAYS_SEARCH_USER_PATHS = NO;
				CLANG_ANALYZER_NONNULL = YES;
				CLANG_ANALYZER_NUMBER_OBJECT_CONVERSION = YES_AGGRESSIVE;
				CLANG_CXX_LANGUAGE_STANDARD = "gnu++14";
				CLANG_CXX_LIBRARY = "libc++";
				CLANG_ENABLE_MODULES = YES;
				CLANG_ENABLE_OBJC_ARC = YES;
				CLANG_ENABLE_OBJC_WEAK = YES;
				CLANG_WARN_BLOCK_CAPTURE_AUTORELEASING = YES;
				CLANG_WARN_BOOL_CONVERSION = YES;
				CLANG_WARN_COMMA = YES;
				CLANG_WARN_CONSTANT_CONVERSION = YES;
				CLANG_WARN_DEPRECATED_OBJC_IMPLEMENTATIONS = YES;
				CLANG_WARN_DIRECT_OBJC_ISA_USAGE = YES_ERROR;
				CLANG_WARN_DOCUMENTATION_COMMENTS = YES;
				CLANG_WARN_EMPTY_BODY = YES;
				CLANG_WARN_ENUM_CONVERSION = YES;
				CLANG_WARN_INFINITE_RECURSION = YES;
				CLANG_WARN_INT_CONVERSION = YES;
				CLANG_WARN_NON_LITERAL_NULL_CONVERSION = YES;
				CLANG_WARN_OBJC_IMPLICIT_RETAIN_SELF = YES;
				CLANG_WARN_OBJC_LITERAL_CONVERSION = YES;
				CLANG_WARN_OBJC_ROOT_CLASS = YES_ERROR;
				CLANG_WARN_RANGE_LOOP_ANALYSIS = YES;
				CLANG_WARN_STRICT_PROTOTYPES = YES;
				CLANG_WARN_SUSPICIOUS_MOVE = YES;
				CLANG_WARN_UNGUARDED_AVAILABILITY = YES_AGGRESSIVE;
				CLANG_WARN_UNREACHABLE_CODE = YES;
				CLANG_WARN__DUPLICATE_METHOD_MATCH = YES;
				CODE_SIGN_IDENTITY = "iPhone Developer";
				COPY_PHASE_STRIP = NO;
				DEBUG_INFORMATION_FORMAT = dwarf;
				ENABLE_STRICT_OBJC_MSGSEND = YES;
				ENABLE_TESTABILITY = YES;
				GCC_C_LANGUAGE_STANDARD = gnu11;
				GCC_DYNAMIC_NO_PIC = NO;
				GCC_NO_COMMON_BLOCKS = YES;
				GCC_OPTIMIZATION_LEVEL = 0;
				GCC_PREPROCESSOR_DEFINITIONS = (
					"DEBUG=1",
					"$(inherited)",
				);
				GCC_WARN_64_TO_32_BIT_CONVERSION = YES;
				GCC_WARN_ABOUT_RETURN_TYPE = YES_ERROR;
				GCC_WARN_UNDECLARED_SELECTOR = YES;
				GCC_WARN_UNINITIALIZED_AUTOS = YES_AGGRESSIVE;
				GCC_WARN_UNUSED_FUNCTION = YES;
				GCC_WARN_UNUSED_VARIABLE = YES;
				IPHONEOS_DEPLOYMENT_TARGET = 11.3;
				MTL_ENABLE_DEBUG_INFO = YES;
				ONLY_ACTIVE_ARCH = YES;
				SDKROOT = iphoneos;
			};
			name = Debug;
		};
		D455827321539CB5002BA9D7 /* Release */ = {
			isa = XCBuildConfiguration;
			buildSettings = {
				ALWAYS_SEARCH_USER_PATHS = NO;
				CLANG_ANALYZER_NONNULL = YES;
				CLANG_ANALYZER_NUMBER_OBJECT_CONVERSION = YES_AGGRESSIVE;
				CLANG_CXX_LANGUAGE_STANDARD = "gnu++14";
				CLANG_CXX_LIBRARY = "libc++";
				CLANG_ENABLE_MODULES = YES;
				CLANG_ENABLE_OBJC_ARC = YES;
				CLANG_ENABLE_OBJC_WEAK = YES;
				CLANG_WARN_BLOCK_CAPTURE_AUTORELEASING = YES;
				CLANG_WARN_BOOL_CONVERSION = YES;
				CLANG_WARN_COMMA = YES;
				CLANG_WARN_CONSTANT_CONVERSION = YES;
				CLANG_WARN_DEPRECATED_OBJC_IMPLEMENTATIONS = YES;
				CLANG_WARN_DIRECT_OBJC_ISA_USAGE = YES_ERROR;
				CLANG_WARN_DOCUMENTATION_COMMENTS = YES;
				CLANG_WARN_EMPTY_BODY = YES;
				CLANG_WARN_ENUM_CONVERSION = YES;
				CLANG_WARN_INFINITE_RECURSION = YES;
				CLANG_WARN_INT_CONVERSION = YES;
				CLANG_WARN_NON_LITERAL_NULL_CONVERSION = YES;
				CLANG_WARN_OBJC_IMPLICIT_RETAIN_SELF = YES;
				CLANG_WARN_OBJC_LITERAL_CONVERSION = YES;
				CLANG_WARN_OBJC_ROOT_CLASS = YES_ERROR;
				CLANG_WARN_RANGE_LOOP_ANALYSIS = YES;
				CLANG_WARN_STRICT_PROTOTYPES = YES;
				CLANG_WARN_SUSPICIOUS_MOVE = YES;
				CLANG_WARN_UNGUARDED_AVAILABILITY = YES_AGGRESSIVE;
				CLANG_WARN_UNREACHABLE_CODE = YES;
				CLANG_WARN__DUPLICATE_METHOD_MATCH = YES;
				CODE_SIGN_IDENTITY = "iPhone Developer";
				COPY_PHASE_STRIP = NO;
				DEBUG_INFORMATION_FORMAT = "dwarf-with-dsym";
				ENABLE_NS_ASSERTIONS = NO;
				ENABLE_STRICT_OBJC_MSGSEND = YES;
				GCC_C_LANGUAGE_STANDARD = gnu11;
				GCC_NO_COMMON_BLOCKS = YES;
				GCC_WARN_64_TO_32_BIT_CONVERSION = YES;
				GCC_WARN_ABOUT_RETURN_TYPE = YES_ERROR;
				GCC_WARN_UNDECLARED_SELECTOR = YES;
				GCC_WARN_UNINITIALIZED_AUTOS = YES_AGGRESSIVE;
				GCC_WARN_UNUSED_FUNCTION = YES;
				GCC_WARN_UNUSED_VARIABLE = YES;
				IPHONEOS_DEPLOYMENT_TARGET = 11.3;
				MTL_ENABLE_DEBUG_INFO = NO;
				SDKROOT = iphoneos;
				VALIDATE_PRODUCT = YES;
			};
			name = Release;
		};
		D455827521539CB5002BA9D7 /* Debug */ = {
			isa = XCBuildConfiguration;
			buildSettings = {
				ASSETCATALOG_COMPILER_APPICON_NAME = AppIcon;
				CODE_SIGN_STYLE = Automatic;
				DEVELOPMENT_TEAM = R7VXV35RXD;
				INFOPLIST_FILE = PrintDemo/Info.plist;
				IPHONEOS_DEPLOYMENT_TARGET = 9.0;
				LD_RUNPATH_SEARCH_PATHS = (
					"$(inherited)",
					"@executable_path/Frameworks",
				);
				LIBRARY_SEARCH_PATHS = (
					"$(inherited)",
					"$(PROJECT_DIR)/PrintDemo/PrintSDK",
				);
				PRODUCT_BUNDLE_IDENTIFIER = com.zhuhaisandu.net.PrintDemo;
				PRODUCT_NAME = "$(TARGET_NAME)";
				TARGETED_DEVICE_FAMILY = "1,2";
			};
			name = Debug;
		};
		D455827621539CB5002BA9D7 /* Release */ = {
			isa = XCBuildConfiguration;
			buildSettings = {
				ASSETCATALOG_COMPILER_APPICON_NAME = AppIcon;
				CODE_SIGN_STYLE = Automatic;
				DEVELOPMENT_TEAM = R7VXV35RXD;
				INFOPLIST_FILE = PrintDemo/Info.plist;
				IPHONEOS_DEPLOYMENT_TARGET = 9.0;
				LD_RUNPATH_SEARCH_PATHS = (
					"$(inherited)",
					"@executable_path/Frameworks",
				);
				LIBRARY_SEARCH_PATHS = (
					"$(inherited)",
					"$(PROJECT_DIR)/PrintDemo/PrintSDK",
				);
				PRODUCT_BUNDLE_IDENTIFIER = com.zhuhaisandu.net.PrintDemo;
				PRODUCT_NAME = "$(TARGET_NAME)";
				TARGETED_DEVICE_FAMILY = "1,2";
			};
			name = Release;
		};
		D455827821539CB5002BA9D7 /* Debug */ = {
			isa = XCBuildConfiguration;
			buildSettings = {
				BUNDLE_LOADER = "$(TEST_HOST)";
				CODE_SIGN_STYLE = Automatic;
				DEVELOPMENT_TEAM = R7VXV35RXD;
				INFOPLIST_FILE = PrintDemoTests/Info.plist;
				LD_RUNPATH_SEARCH_PATHS = (
					"$(inherited)",
					"@executable_path/Frameworks",
					"@loader_path/Frameworks",
				);
				PRODUCT_BUNDLE_IDENTIFIER = com.zhuhaisandu.net.PrintDemoTests;
				PRODUCT_NAME = "$(TARGET_NAME)";
				TARGETED_DEVICE_FAMILY = "1,2";
				TEST_HOST = "$(BUILT_PRODUCTS_DIR)/PrintDemo.app/PrintDemo";
			};
			name = Debug;
		};
		D455827921539CB5002BA9D7 /* Release */ = {
			isa = XCBuildConfiguration;
			buildSettings = {
				BUNDLE_LOADER = "$(TEST_HOST)";
				CODE_SIGN_STYLE = Automatic;
				DEVELOPMENT_TEAM = R7VXV35RXD;
				INFOPLIST_FILE = PrintDemoTests/Info.plist;
				LD_RUNPATH_SEARCH_PATHS = (
					"$(inherited)",
					"@executable_path/Frameworks",
					"@loader_path/Frameworks",
				);
				PRODUCT_BUNDLE_IDENTIFIER = com.zhuhaisandu.net.PrintDemoTests;
				PRODUCT_NAME = "$(TARGET_NAME)";
				TARGETED_DEVICE_FAMILY = "1,2";
				TEST_HOST = "$(BUILT_PRODUCTS_DIR)/PrintDemo.app/PrintDemo";
			};
			name = Release;
		};
		D455827B21539CB5002BA9D7 /* Debug */ = {
			isa = XCBuildConfiguration;
			buildSettings = {
				CODE_SIGN_STYLE = Automatic;
				DEVELOPMENT_TEAM = R7VXV35RXD;
				INFOPLIST_FILE = PrintDemoUITests/Info.plist;
				LD_RUNPATH_SEARCH_PATHS = (
					"$(inherited)",
					"@executable_path/Frameworks",
					"@loader_path/Frameworks",
				);
				PRODUCT_BUNDLE_IDENTIFIER = com.zhuhaisandu.net.PrintDemoUITests;
				PRODUCT_NAME = "$(TARGET_NAME)";
				TARGETED_DEVICE_FAMILY = "1,2";
				TEST_TARGET_NAME = PrintDemo;
			};
			name = Debug;
		};
		D455827C21539CB5002BA9D7 /* Release */ = {
			isa = XCBuildConfiguration;
			buildSettings = {
				CODE_SIGN_STYLE = Automatic;
				DEVELOPMENT_TEAM = R7VXV35RXD;
				INFOPLIST_FILE = PrintDemoUITests/Info.plist;
				LD_RUNPATH_SEARCH_PATHS = (
					"$(inherited)",
					"@executable_path/Frameworks",
					"@loader_path/Frameworks",
				);
				PRODUCT_BUNDLE_IDENTIFIER = com.zhuhaisandu.net.PrintDemoUITests;
				PRODUCT_NAME = "$(TARGET_NAME)";
				TARGETED_DEVICE_FAMILY = "1,2";
				TEST_TARGET_NAME = PrintDemo;
			};
			name = Release;
		};
/* End XCBuildConfiguration section */

/* Begin XCConfigurationList section */
		D455824321539CA1002BA9D7 /* Build configuration list for PBXProject "PrintDemo" */ = {
			isa = XCConfigurationList;
			buildConfigurations = (
				D455827221539CB5002BA9D7 /* Debug */,
				D455827321539CB5002BA9D7 /* Release */,
			);
			defaultConfigurationIsVisible = 0;
			defaultConfigurationName = Release;
		};
		D455827421539CB5002BA9D7 /* Build configuration list for PBXNativeTarget "PrintDemo" */ = {
			isa = XCConfigurationList;
			buildConfigurations = (
				D455827521539CB5002BA9D7 /* Debug */,
				D455827621539CB5002BA9D7 /* Release */,
			);
			defaultConfigurationIsVisible = 0;
			defaultConfigurationName = Release;
		};
		D455827721539CB5002BA9D7 /* Build configuration list for PBXNativeTarget "PrintDemoTests" */ = {
			isa = XCConfigurationList;
			buildConfigurations = (
				D455827821539CB5002BA9D7 /* Debug */,
				D455827921539CB5002BA9D7 /* Release */,
			);
			defaultConfigurationIsVisible = 0;
			defaultConfigurationName = Release;
		};
		D455827A21539CB5002BA9D7 /* Build configuration list for PBXNativeTarget "PrintDemoUITests" */ = {
			isa = XCConfigurationList;
			buildConfigurations = (
				D455827B21539CB5002BA9D7 /* Debug */,
				D455827C21539CB5002BA9D7 /* Release */,
			);
			defaultConfigurationIsVisible = 0;
			defaultConfigurationName = Release;
		};
/* End XCConfigurationList section */
	};
	rootObject = D455824021539CA1002BA9D7 /* Project object */;
}
